
Microsoft Visual Studio Solution File, Format Version 12.00
# Visual Studio Version 17
VisualStudioVersion = 17.14.36119.2
MinimumVisualStudioVersion = 10.0.40219.1
Project("{FAE04EC0-301F-11D3-BF4B-00C04F79EFBC}") = "FamillesManager", "FamillesManager\FamillesManager.csproj", "{94EC9BCB-573F-459E-9EE4-A94D5BBF699B}"
EndProject
Project("{FAE04EC0-301F-11D3-BF4B-00C04F79EFBC}") = "RevitStorage", "RevitStorage\RevitStorage.csproj", "{A630217E-07D0-4130-992B-4609F4C13DD7}"
EndProject
Global
	GlobalSection(SolutionConfigurationPlatforms) = preSolution
		Debug|Any CPU = Debug|Any CPU
		Release|Any CPU = Release|Any CPU
	EndGlobalSection
	GlobalSection(ProjectConfigurationPlatforms) = postSolution
		{94EC9BCB-573F-459E-9EE4-A94D5BBF699B}.Debug|Any CPU.ActiveCfg = Debug|Any CPU
		{94EC9BCB-573F-459E-9EE4-A94D5BBF699B}.Debug|Any CPU.Build.0 = Debug|Any CPU
		{94EC9BCB-573F-459E-9EE4-A94D5BBF699B}.Release|Any CPU.ActiveCfg = Release|Any CPU
		{94EC9BCB-573F-459E-9EE4-A94D5BBF699B}.Release|Any CPU.Build.0 = Release|Any CPU
		{A630217E-07D0-4130-992B-4609F4C13DD7}.Debug|Any CPU.ActiveCfg = Debug|Any CPU
		{A630217E-07D0-4130-992B-4609F4C13DD7}.Debug|Any CPU.Build.0 = Debug|Any CPU
		{A630217E-07D0-4130-992B-4609F4C13DD7}.Release|Any CPU.ActiveCfg = Release|Any CPU
		{A630217E-07D0-4130-992B-4609F4C13DD7}.Release|Any CPU.Build.0 = Release|Any CPU
	EndGlobalSection
	GlobalSection(SolutionProperties) = preSolution
		HideSolutionNode = FALSE
	EndGlobalSection
	GlobalSection(ExtensibilityGlobals) = postSolution
		SolutionGuid = {6488D90A-0783-41BE-9B42-945E2FFA49E3}
	EndGlobalSection
EndGlobal
